
Microsoft Visual Studio Solution File, Format Version 12.00
# Visual Studio Version 17
VisualStudioVersion = 17.3.32929.385
MinimumVisualStudioVersion = 10.0.40219.1
Project("{FAE04EC0-301F-11D3-BF4B-00C04F79EFBC}") = "e-comercewebDemo", "e-comercewebDemo\e-comercewebDemo.csproj", "{7A89D694-080D-481F-96A8-BFBDFC2430BB}"
EndProject
Global
	GlobalSection(SolutionConfigurationPlatforms) = preSolution
		Debug|Any CPU = Debug|Any CPU
		Release|Any CPU = Release|Any CPU
	EndGlobalSection
	GlobalSection(ProjectConfigurationPlatforms) = postSolution
		{7A89D694-080D-481F-96A8-BFBDFC2430BB}.Debug|Any CPU.ActiveCfg = Debug|Any CPU
		{7A89D694-080D-481F-96A8-BFBDFC2430BB}.Debug|Any CPU.Build.0 = Debug|Any CPU
		{7A89D694-080D-481F-96A8-BFBDFC2430BB}.Release|Any CPU.ActiveCfg = Release|Any CPU
		{7A89D694-080D-481F-96A8-BFBDFC2430BB}.Release|Any CPU.Build.0 = Release|Any CPU
	EndGlobalSection
	GlobalSection(SolutionProperties) = preSolution
		HideSolutionNode = FALSE
	EndGlobalSection
	GlobalSection(ExtensibilityGlobals) = postSolution
		SolutionGuid = {E15E0816-4FE4-49C8-8B93-96488D09D694}
	EndGlobalSection
EndGlobal
